
Microsoft Visual Studio Solution File, Format Version 12.00
# Visual Studio Version 16
VisualStudioVersion = 16.0.29411.108
MinimumVisualStudioVersion = 10.0.40219.1
Project("{FAE04EC0-301F-11D3-BF4B-00C04F79EFBC}") = "TaskManageMent", "TaskManageMent.csproj", "{227B2520-0149-43C3-8EA9-B452751561F8}"
EndProject
Global
	GlobalSection(SolutionConfigurationPlatforms) = preSolution
		Debug|Any CPU = Debug|Any CPU
		Release|Any CPU = Release|Any CPU
	EndGlobalSection
	GlobalSection(ProjectConfigurationPlatforms) = postSolution
		{227B2520-0149-43C3-8EA9-B452751561F8}.Debug|Any CPU.ActiveCfg = Debug|Any CPU
		{227B2520-0149-43C3-8EA9-B452751561F8}.Debug|Any CPU.Build.0 = Debug|Any CPU
		{227B2520-0149-43C3-8EA9-B452751561F8}.Release|Any CPU.ActiveCfg = Release|Any CPU
		{227B2520-0149-43C3-8EA9-B452751561F8}.Release|Any CPU.Build.0 = Release|Any CPU
	EndGlobalSection
	GlobalSection(SolutionProperties) = preSolution
		HideSolutionNode = FALSE
	EndGlobalSection
	GlobalSection(ExtensibilityGlobals) = postSolution
		SolutionGuid = {DEC60450-818F-4E0C-AF0C-5F59367C4567}
	EndGlobalSection
EndGlobal
